
Microsoft Visual Studio Solution File, Format Version 12.00
# Visual Studio Version 16
VisualStudioVersion = 16.0.30114.105
MinimumVisualStudioVersion = 10.0.40219.1
Project("{FAE04EC0-301F-11D3-BF4B-00C04F79EFBC}") = "MyScriptureJournal", "MyScriptureJournal.csproj", "{6BBD67D6-3186-4AAB-A7B1-61A19E4DC777}"
EndProject
Global
	GlobalSection(SolutionConfigurationPlatforms) = preSolution
		Debug|Any CPU = Debug|Any CPU
		Release|Any CPU = Release|Any CPU
	EndGlobalSection
	GlobalSection(ProjectConfigurationPlatforms) = postSolution
		{6BBD67D6-3186-4AAB-A7B1-61A19E4DC777}.Debug|Any CPU.ActiveCfg = Debug|Any CPU
		{6BBD67D6-3186-4AAB-A7B1-61A19E4DC777}.Debug|Any CPU.Build.0 = Debug|Any CPU
		{6BBD67D6-3186-4AAB-A7B1-61A19E4DC777}.Release|Any CPU.ActiveCfg = Release|Any CPU
		{6BBD67D6-3186-4AAB-A7B1-61A19E4DC777}.Release|Any CPU.Build.0 = Release|Any CPU
	EndGlobalSection
	GlobalSection(SolutionProperties) = preSolution
		HideSolutionNode = FALSE
	EndGlobalSection
	GlobalSection(ExtensibilityGlobals) = postSolution
		SolutionGuid = {9B9BB691-7EF0-4127-80E0-EC5CC66CFAA0}
	EndGlobalSection
EndGlobal
